
Microsoft Visual Studio Solution File, Format Version 12.00
# Visual Studio Version 16
VisualStudioVersion = 16.0.29020.237
MinimumVisualStudioVersion = 10.0.40219.1
Project("{FAE04EC0-301F-11D3-BF4B-00C04F79EFBC}") = "car-traffic-simulation", "car-traffic-simulation\car-traffic-simulation.csproj", "{C86F3494-B17C-41E6-92B4-540A9A7CBCEC}"
EndProject
Global
	GlobalSection(SolutionConfigurationPlatforms) = preSolution
		Debug|Any CPU = Debug|Any CPU
		Release|Any CPU = Release|Any CPU
	EndGlobalSection
	GlobalSection(ProjectConfigurationPlatforms) = postSolution
		{C86F3494-B17C-41E6-92B4-540A9A7CBCEC}.Debug|Any CPU.ActiveCfg = Debug|Any CPU
		{C86F3494-B17C-41E6-92B4-540A9A7CBCEC}.Debug|Any CPU.Build.0 = Debug|Any CPU
		{C86F3494-B17C-41E6-92B4-540A9A7CBCEC}.Release|Any CPU.ActiveCfg = Release|Any CPU
		{C86F3494-B17C-41E6-92B4-540A9A7CBCEC}.Release|Any CPU.Build.0 = Release|Any CPU
	EndGlobalSection
	GlobalSection(SolutionProperties) = preSolution
		HideSolutionNode = FALSE
	EndGlobalSection
	GlobalSection(ExtensibilityGlobals) = postSolution
		SolutionGuid = {A5A23CAB-8B98-42F4-9398-3E1AE3E2B40E}
	EndGlobalSection
EndGlobal
